
Microsoft Visual Studio Solution File, Format Version 12.00
# Visual Studio Version 17
VisualStudioVersion = 17.4.33110.190
MinimumVisualStudioVersion = 10.0.40219.1
Project("{FAE04EC0-301F-11D3-BF4B-00C04F79EFBC}") = "Bloc dotnet", "Bloc dotnet\Bloc dotnet.csproj", "{7ECC5BAE-32E6-4229-9936-F8F004F36189}"
EndProject
Global
	GlobalSection(SolutionConfigurationPlatforms) = preSolution
		Debug|Any CPU = Debug|Any CPU
		Release|Any CPU = Release|Any CPU
	EndGlobalSection
	GlobalSection(ProjectConfigurationPlatforms) = postSolution
		{7ECC5BAE-32E6-4229-9936-F8F004F36189}.Debug|Any CPU.ActiveCfg = Debug|Any CPU
		{7ECC5BAE-32E6-4229-9936-F8F004F36189}.Debug|Any CPU.Build.0 = Debug|Any CPU
		{7ECC5BAE-32E6-4229-9936-F8F004F36189}.Release|Any CPU.ActiveCfg = Release|Any CPU
		{7ECC5BAE-32E6-4229-9936-F8F004F36189}.Release|Any CPU.Build.0 = Release|Any CPU
	EndGlobalSection
	GlobalSection(SolutionProperties) = preSolution
		HideSolutionNode = FALSE
	EndGlobalSection
	GlobalSection(ExtensibilityGlobals) = postSolution
		SolutionGuid = {1A7118F2-FEB2-4A9F-B15E-E1DBC4DF1D5E}
	EndGlobalSection
EndGlobal
